
Microsoft Visual Studio Solution File, Format Version 12.00
# Visual Studio Version 17
VisualStudioVersion = 17.5.33424.131
MinimumVisualStudioVersion = 10.0.40219.1
Project("{9A19103F-16F7-4668-BE54-9A1E7A4F7556}") = "OpenAiCryptoTrader", "OpenAiCryptoTrader\OpenAiCryptoTrader.csproj", "{EDB653FC-F4AE-42B6-AC18-35BD70BD2125}"
EndProject
Project("{9A19103F-16F7-4668-BE54-9A1E7A4F7556}") = "OpenAI_API", "OpenAI_API\OpenAI_API.csproj", "{98FA6BA1-35D3-48EB-AE92-16AF36FE8622}"
EndProject
Project("{FAE04EC0-301F-11D3-BF4B-00C04F79EFBC}") = "ACE.Trading", "ACE.Trading\ACE.Trading.csproj", "{C160D514-34F7-4C5E-A60D-4F9312B5187E}"
EndProject
Project("{FAE04EC0-301F-11D3-BF4B-00C04F79EFBC}") = "ACE.Trading.Data.Graphics", "ACE.Trading.Data.Graphics\ACE.Trading.Data.Graphics.csproj", "{22C0EED8-203D-4DFA-9639-1F89CFAA4D84}"
EndProject
Global
	GlobalSection(SolutionConfigurationPlatforms) = preSolution
		Debug|Any CPU = Debug|Any CPU
		Release|Any CPU = Release|Any CPU
	EndGlobalSection
	GlobalSection(ProjectConfigurationPlatforms) = postSolution
		{EDB653FC-F4AE-42B6-AC18-35BD70BD2125}.Debug|Any CPU.ActiveCfg = Debug|Any CPU
		{EDB653FC-F4AE-42B6-AC18-35BD70BD2125}.Debug|Any CPU.Build.0 = Debug|Any CPU
		{EDB653FC-F4AE-42B6-AC18-35BD70BD2125}.Release|Any CPU.ActiveCfg = Release|Any CPU
		{EDB653FC-F4AE-42B6-AC18-35BD70BD2125}.Release|Any CPU.Build.0 = Release|Any CPU
		{98FA6BA1-35D3-48EB-AE92-16AF36FE8622}.Debug|Any CPU.ActiveCfg = Debug|Any CPU
		{98FA6BA1-35D3-48EB-AE92-16AF36FE8622}.Debug|Any CPU.Build.0 = Debug|Any CPU
		{98FA6BA1-35D3-48EB-AE92-16AF36FE8622}.Release|Any CPU.ActiveCfg = Release|Any CPU
		{98FA6BA1-35D3-48EB-AE92-16AF36FE8622}.Release|Any CPU.Build.0 = Release|Any CPU
		{C160D514-34F7-4C5E-A60D-4F9312B5187E}.Debug|Any CPU.ActiveCfg = Debug|Any CPU
		{C160D514-34F7-4C5E-A60D-4F9312B5187E}.Debug|Any CPU.Build.0 = Debug|Any CPU
		{C160D514-34F7-4C5E-A60D-4F9312B5187E}.Release|Any CPU.ActiveCfg = Release|Any CPU
		{C160D514-34F7-4C5E-A60D-4F9312B5187E}.Release|Any CPU.Build.0 = Release|Any CPU
		{22C0EED8-203D-4DFA-9639-1F89CFAA4D84}.Debug|Any CPU.ActiveCfg = Debug|Any CPU
		{22C0EED8-203D-4DFA-9639-1F89CFAA4D84}.Debug|Any CPU.Build.0 = Debug|Any CPU
		{22C0EED8-203D-4DFA-9639-1F89CFAA4D84}.Release|Any CPU.ActiveCfg = Release|Any CPU
		{22C0EED8-203D-4DFA-9639-1F89CFAA4D84}.Release|Any CPU.Build.0 = Release|Any CPU
	EndGlobalSection
	GlobalSection(SolutionProperties) = preSolution
		HideSolutionNode = FALSE
	EndGlobalSection
	GlobalSection(ExtensibilityGlobals) = postSolution
		SolutionGuid = {3F1E17E5-AC5F-43F6-89B5-7D0D7C29F621}
	EndGlobalSection
EndGlobal
